// !$*UTF8*$!
{
	archiveVersion = 1;
	classes = {
	};
	objectVersion = 46;
	objects = {

/* Begin PBXBuildFile section */
		A951E3CD952FC671E2EFACDB /* libPods-BaiSiBuDeJie.a in Frameworks */ = {isa = PBXBuildFile; fileRef = D588B8E6F1E040CB41E11062 /* libPods-BaiSiBuDeJie.a */; };
		F70724681EFBC53F005C624F /* Assets.xcassets in Resources */ = {isa = PBXBuildFile; fileRef = F70724671EFBC53F005C624F /* Assets.xcassets */; };
		F70724761EFBC53F005C624F /* BaiSiBuDeJieTests.m in Sources */ = {isa = PBXBuildFile; fileRef = F70724751EFBC53F005C624F /* BaiSiBuDeJieTests.m */; };
		F70724811EFBC53F005C624F /* BaiSiBuDeJieUITests.m in Sources */ = {isa = PBXBuildFile; fileRef = F70724801EFBC53F005C624F /* BaiSiBuDeJieUITests.m */; };
		F70724B11EFBCE36005C624F /* AppDelegate.m in Sources */ = {isa = PBXBuildFile; fileRef = F70724B01EFBCE36005C624F /* AppDelegate.m */; };
		F70724B51EFBCE4B005C624F /* main.m in Sources */ = {isa = PBXBuildFile; fileRef = F70724B41EFBCE4B005C624F /* main.m */; };
		F7204A251F00F5B800D1D958 /* UIBarButtonItem+XHExt.m in Sources */ = {isa = PBXBuildFile; fileRef = F7204A241F00F5B800D1D958 /* UIBarButtonItem+XHExt.m */; };
		F79E06E51F023F3400CA7859 /* XHNetWorkRequest.m in Sources */ = {isa = PBXBuildFile; fileRef = F79E06E41F023F3400CA7859 /* XHNetWorkRequest.m */; };
		F7D8F9901F00B36900F3E4A8 /* XHTabBarController.m in Sources */ = {isa = PBXBuildFile; fileRef = F7D8F98F1F00B36900F3E4A8 /* XHTabBarController.m */; };
		F7D8F9931F00B39800F3E4A8 /* XHNavigationController.m in Sources */ = {isa = PBXBuildFile; fileRef = F7D8F9921F00B39800F3E4A8 /* XHNavigationController.m */; };
		F7D8F9961F00B3D300F3E4A8 /* XHEssenceViewController.m in Sources */ = {isa = PBXBuildFile; fileRef = F7D8F9951F00B3D300F3E4A8 /* XHEssenceViewController.m */; };
		F7D8F9991F00B41200F3E4A8 /* XHNewViewController.m in Sources */ = {isa = PBXBuildFile; fileRef = F7D8F9981F00B41200F3E4A8 /* XHNewViewController.m */; };
		F7D8F99C1F00B43A00F3E4A8 /* XHFollowViewController.m in Sources */ = {isa = PBXBuildFile; fileRef = F7D8F99B1F00B43A00F3E4A8 /* XHFollowViewController.m */; };
		F7D8F99F1F00B47D00F3E4A8 /* XHMeTableViewController.m in Sources */ = {isa = PBXBuildFile; fileRef = F7D8F99E1F00B47D00F3E4A8 /* XHMeTableViewController.m */; };
		F7D8F9AA1F00D9A000F3E4A8 /* UIImage+XHExt.m in Sources */ = {isa = PBXBuildFile; fileRef = F7D8F9A91F00D9A000F3E4A8 /* UIImage+XHExt.m */; };
		F7D8F9AD1F00E1D600F3E4A8 /* XHTabBar.m in Sources */ = {isa = PBXBuildFile; fileRef = F7D8F9AC1F00E1D600F3E4A8 /* XHTabBar.m */; };
		F7D8F9B01F00E24200F3E4A8 /* UIView+XHExt.m in Sources */ = {isa = PBXBuildFile; fileRef = F7D8F9AF1F00E24200F3E4A8 /* UIView+XHExt.m */; };
		F7DB59BC1F174963004430A5 /* XHUserDefaultsTool.m in Sources */ = {isa = PBXBuildFile; fileRef = F7DB59BB1F174963004430A5 /* XHUserDefaultsTool.m */; };
		F7DB59C11F1749DB004430A5 /* XHAdViewController.m in Sources */ = {isa = PBXBuildFile; fileRef = F7DB59BF1F1749DB004430A5 /* XHAdViewController.m */; };
		F7DB59C21F1749DB004430A5 /* XHAdViewController.xib in Resources */ = {isa = PBXBuildFile; fileRef = F7DB59C01F1749DB004430A5 /* XHAdViewController.xib */; };
/* End PBXBuildFile section */

/* Begin PBXContainerItemProxy section */
		F70724721EFBC53F005C624F /* PBXContainerItemProxy */ = {
			isa = PBXContainerItemProxy;
			containerPortal = F70724501EFBC53F005C624F /* Project object */;
			proxyType = 1;
			remoteGlobalIDString = F70724571EFBC53F005C624F;
			remoteInfo = BaiSiBuDeJie;
		};
		F707247D1EFBC53F005C624F /* PBXContainerItemProxy */ = {
			isa = PBXContainerItemProxy;
			containerPortal = F70724501EFBC53F005C624F /* Project object */;
			proxyType = 1;
			remoteGlobalIDString = F70724571EFBC53F005C624F;
			remoteInfo = BaiSiBuDeJie;
		};
/* End PBXContainerItemProxy section */

/* Begin PBXFileReference section */
		5B6287F53089034D0F319CA6 /* Pods-BaiSiBuDeJie.debug.xcconfig */ = {isa = PBXFileReference; includeInIndex = 1; lastKnownFileType = text.xcconfig; name = "Pods-BaiSiBuDeJie.debug.xcconfig"; path = "Pods/Target Support Files/Pods-BaiSiBuDeJie/Pods-BaiSiBuDeJie.debug.xcconfig"; sourceTree = "<group>"; };
		92250667B5768C77C2BFE0C4 /* Pods-BaiSiBuDeJie.release.xcconfig */ = {isa = PBXFileReference; includeInIndex = 1; lastKnownFileType = text.xcconfig; name = "Pods-BaiSiBuDeJie.release.xcconfig"; path = "Pods/Target Support Files/Pods-BaiSiBuDeJie/Pods-BaiSiBuDeJie.release.xcconfig"; sourceTree = "<group>"; };
		D588B8E6F1E040CB41E11062 /* libPods-BaiSiBuDeJie.a */ = {isa = PBXFileReference; explicitFileType = archive.ar; includeInIndex = 0; path = "libPods-BaiSiBuDeJie.a"; sourceTree = BUILT_PRODUCTS_DIR; };
		F70724581EFBC53F005C624F /* BaiSiBuDeJie.app */ = {isa = PBXFileReference; explicitFileType = wrapper.application; includeInIndex = 0; path = BaiSiBuDeJie.app; sourceTree = BUILT_PRODUCTS_DIR; };
		F70724671EFBC53F005C624F /* Assets.xcassets */ = {isa = PBXFileReference; lastKnownFileType = folder.assetcatalog; path = Assets.xcassets; sourceTree = "<group>"; };
		F707246C1EFBC53F005C624F /* Info.plist */ = {isa = PBXFileReference; lastKnownFileType = text.plist.xml; path = Info.plist; sourceTree = "<group>"; };
		F70724711EFBC53F005C624F /* BaiSiBuDeJieTests.xctest */ = {isa = PBXFileReference; explicitFileType = wrapper.cfbundle; includeInIndex = 0; path = BaiSiBuDeJieTests.xctest; sourceTree = BUILT_PRODUCTS_DIR; };
		F70724751EFBC53F005C624F /* BaiSiBuDeJieTests.m */ = {isa = PBXFileReference; lastKnownFileType = sourcecode.c.objc; path = BaiSiBuDeJieTests.m; sourceTree = "<group>"; };
		F70724771EFBC53F005C624F /* Info.plist */ = {isa = PBXFileReference; lastKnownFileType = text.plist.xml; path = Info.plist; sourceTree = "<group>"; };
		F707247C1EFBC53F005C624F /* BaiSiBuDeJieUITests.xctest */ = {isa = PBXFileReference; explicitFileType = wrapper.cfbundle; includeInIndex = 0; path = BaiSiBuDeJieUITests.xctest; sourceTree = BUILT_PRODUCTS_DIR; };
		F70724801EFBC53F005C624F /* BaiSiBuDeJieUITests.m */ = {isa = PBXFileReference; lastKnownFileType = sourcecode.c.objc; path = BaiSiBuDeJieUITests.m; sourceTree = "<group>"; };
		F70724821EFBC53F005C624F /* Info.plist */ = {isa = PBXFileReference; lastKnownFileType = text.plist.xml; path = Info.plist; sourceTree = "<group>"; };
		F70724AF1EFBCE36005C624F /* AppDelegate.h */ = {isa = PBXFileReference; fileEncoding = 4; lastKnownFileType = sourcecode.c.h; path = AppDelegate.h; sourceTree = "<group>"; };
		F70724B01EFBCE36005C624F /* AppDelegate.m */ = {isa = PBXFileReference; fileEncoding = 4; lastKnownFileType = sourcecode.c.objc; path = AppDelegate.m; sourceTree = "<group>"; };
		F70724B41EFBCE4B005C624F /* main.m */ = {isa = PBXFileReference; fileEncoding = 4; lastKnownFileType = sourcecode.c.objc; path = main.m; sourceTree = "<group>"; };
		F7204A231F00F5B800D1D958 /* UIBarButtonItem+XHExt.h */ = {isa = PBXFileReference; fileEncoding = 4; lastKnownFileType = sourcecode.c.h; path = "UIBarButtonItem+XHExt.h"; sourceTree = "<group>"; };
		F7204A241F00F5B800D1D958 /* UIBarButtonItem+XHExt.m */ = {isa = PBXFileReference; fileEncoding = 4; lastKnownFileType = sourcecode.c.objc; path = "UIBarButtonItem+XHExt.m"; sourceTree = "<group>"; };
		F79E06E31F023F3400CA7859 /* XHNetWorkRequest.h */ = {isa = PBXFileReference; fileEncoding = 4; lastKnownFileType = sourcecode.c.h; path = XHNetWorkRequest.h; sourceTree = "<group>"; };
		F79E06E41F023F3400CA7859 /* XHNetWorkRequest.m */ = {isa = PBXFileReference; fileEncoding = 4; lastKnownFileType = sourcecode.c.objc; path = XHNetWorkRequest.m; sourceTree = "<group>"; };
		F7D8F98E1F00B36900F3E4A8 /* XHTabBarController.h */ = {isa = PBXFileReference; fileEncoding = 4; lastKnownFileType = sourcecode.c.h; path = XHTabBarController.h; sourceTree = "<group>"; };
		F7D8F98F1F00B36900F3E4A8 /* XHTabBarController.m */ = {isa = PBXFileReference; fileEncoding = 4; lastKnownFileType = sourcecode.c.objc; path = XHTabBarController.m; sourceTree = "<group>"; };
		F7D8F9911F00B39800F3E4A8 /* XHNavigationController.h */ = {isa = PBXFileReference; fileEncoding = 4; lastKnownFileType = sourcecode.c.h; path = XHNavigationController.h; sourceTree = "<group>"; };
		F7D8F9921F00B39800F3E4A8 /* XHNavigationController.m */ = {isa = PBXFileReference; fileEncoding = 4; lastKnownFileType = sourcecode.c.objc; path = XHNavigationController.m; sourceTree = "<group>"; };
		F7D8F9941F00B3D300F3E4A8 /* XHEssenceViewController.h */ = {isa = PBXFileReference; fileEncoding = 4; lastKnownFileType = sourcecode.c.h; path = XHEssenceViewController.h; sourceTree = "<group>"; };
		F7D8F9951F00B3D300F3E4A8 /* XHEssenceViewController.m */ = {isa = PBXFileReference; fileEncoding = 4; lastKnownFileType = sourcecode.c.objc; path = XHEssenceViewController.m; sourceTree = "<group>"; };
		F7D8F9971F00B41200F3E4A8 /* XHNewViewController.h */ = {isa = PBXFileReference; fileEncoding = 4; lastKnownFileType = sourcecode.c.h; path = XHNewViewController.h; sourceTree = "<group>"; };
		F7D8F9981F00B41200F3E4A8 /* XHNewViewController.m */ = {isa = PBXFileReference; fileEncoding = 4; lastKnownFileType = sourcecode.c.objc; path = XHNewViewController.m; sourceTree = "<group>"; };
		F7D8F99A1F00B43A00F3E4A8 /* XHFollowViewController.h */ = {isa = PBXFileReference; fileEncoding = 4; lastKnownFileType = sourcecode.c.h; path = XHFollowViewController.h; sourceTree = "<group>"; };
		F7D8F99B1F00B43A00F3E4A8 /* XHFollowViewController.m */ = {isa = PBXFileReference; fileEncoding = 4; lastKnownFileType = sourcecode.c.objc; path = XHFollowViewController.m; sourceTree = "<group>"; };
		F7D8F99D1F00B47D00F3E4A8 /* XHMeTableViewController.h */ = {isa = PBXFileReference; fileEncoding = 4; lastKnownFileType = sourcecode.c.h; path = XHMeTableViewController.h; sourceTree = "<group>"; };
		F7D8F99E1F00B47D00F3E4A8 /* XHMeTableViewController.m */ = {isa = PBXFileReference; fileEncoding = 4; lastKnownFileType = sourcecode.c.objc; path = XHMeTableViewController.m; sourceTree = "<group>"; };
		F7D8F9A01F00D5B300F3E4A8 /* XHPrefixHeader.pch */ = {isa = PBXFileReference; fileEncoding = 4; lastKnownFileType = sourcecode.c.h; path = XHPrefixHeader.pch; sourceTree = "<group>"; };
		F7D8F9A21F00D6C100F3E4A8 /* XHMacro.h */ = {isa = PBXFileReference; fileEncoding = 4; lastKnownFileType = sourcecode.c.h; path = XHMacro.h; sourceTree = "<group>"; };
		F7D8F9A81F00D9A000F3E4A8 /* UIImage+XHExt.h */ = {isa = PBXFileReference; fileEncoding = 4; lastKnownFileType = sourcecode.c.h; path = "UIImage+XHExt.h"; sourceTree = "<group>"; };
		F7D8F9A91F00D9A000F3E4A8 /* UIImage+XHExt.m */ = {isa = PBXFileReference; fileEncoding = 4; lastKnownFileType = sourcecode.c.objc; path = "UIImage+XHExt.m"; sourceTree = "<group>"; };
		F7D8F9AB1F00E1D600F3E4A8 /* XHTabBar.h */ = {isa = PBXFileReference; fileEncoding = 4; lastKnownFileType = sourcecode.c.h; path = XHTabBar.h; sourceTree = "<group>"; };
		F7D8F9AC1F00E1D600F3E4A8 /* XHTabBar.m */ = {isa = PBXFileReference; fileEncoding = 4; lastKnownFileType = sourcecode.c.objc; path = XHTabBar.m; sourceTree = "<group>"; };
		F7D8F9AE1F00E24200F3E4A8 /* UIView+XHExt.h */ = {isa = PBXFileReference; fileEncoding = 4; lastKnownFileType = sourcecode.c.h; path = "UIView+XHExt.h"; sourceTree = "<group>"; };
		F7D8F9AF1F00E24200F3E4A8 /* UIView+XHExt.m */ = {isa = PBXFileReference; fileEncoding = 4; lastKnownFileType = sourcecode.c.objc; path = "UIView+XHExt.m"; sourceTree = "<group>"; };
		F7DB59BA1F174963004430A5 /* XHUserDefaultsTool.h */ = {isa = PBXFileReference; fileEncoding = 4; lastKnownFileType = sourcecode.c.h; path = XHUserDefaultsTool.h; sourceTree = "<group>"; };
		F7DB59BB1F174963004430A5 /* XHUserDefaultsTool.m */ = {isa = PBXFileReference; fileEncoding = 4; lastKnownFileType = sourcecode.c.objc; path = XHUserDefaultsTool.m; sourceTree = "<group>"; };
		F7DB59BE1F1749DB004430A5 /* XHAdViewController.h */ = {isa = PBXFileReference; fileEncoding = 4; lastKnownFileType = sourcecode.c.h; path = XHAdViewController.h; sourceTree = "<group>"; };
		F7DB59BF1F1749DB004430A5 /* XHAdViewController.m */ = {isa = PBXFileReference; fileEncoding = 4; lastKnownFileType = sourcecode.c.objc; path = XHAdViewController.m; sourceTree = "<group>"; };
		F7DB59C01F1749DB004430A5 /* XHAdViewController.xib */ = {isa = PBXFileReference; fileEncoding = 4; lastKnownFileType = file.xib; path = XHAdViewController.xib; sourceTree = "<group>"; };
/* End PBXFileReference section */

/* Begin PBXFrameworksBuildPhase section */
		F70724551EFBC53F005C624F /* Frameworks */ = {
			isa = PBXFrameworksBuildPhase;
			buildActionMask = 2147483647;
			files = (
				A951E3CD952FC671E2EFACDB /* libPods-BaiSiBuDeJie.a in Frameworks */,
			);
			runOnlyForDeploymentPostprocessing = 0;
		};
		F707246E1EFBC53F005C624F /* Frameworks */ = {
			isa = PBXFrameworksBuildPhase;
			buildActionMask = 2147483647;
			files = (
			);
			runOnlyForDeploymentPostprocessing = 0;
		};
		F70724791EFBC53F005C624F /* Frameworks */ = {
			isa = PBXFrameworksBuildPhase;
			buildActionMask = 2147483647;
			files = (
			);
			runOnlyForDeploymentPostprocessing = 0;
		};
/* End PBXFrameworksBuildPhase section */

/* Begin PBXGroup section */
		512F004FEEDD97DEA6067A93 /* Pods */ = {
			isa = PBXGroup;
			children = (
				5B6287F53089034D0F319CA6 /* Pods-BaiSiBuDeJie.debug.xcconfig */,
				92250667B5768C77C2BFE0C4 /* Pods-BaiSiBuDeJie.release.xcconfig */,
			);
			name = Pods;
			sourceTree = "<group>";
		};
		AEDEA6C455D231F6F4EB7AFC /* Frameworks */ = {
			isa = PBXGroup;
			children = (
				D588B8E6F1E040CB41E11062 /* libPods-BaiSiBuDeJie.a */,
			);
			name = Frameworks;
			sourceTree = "<group>";
		};
		F707244F1EFBC53F005C624F = {
			isa = PBXGroup;
			children = (
				F707245A1EFBC53F005C624F /* BaiSiBuDeJie */,
				F70724741EFBC53F005C624F /* BaiSiBuDeJieTests */,
				F707247F1EFBC53F005C624F /* BaiSiBuDeJieUITests */,
				F70724591EFBC53F005C624F /* Products */,
				512F004FEEDD97DEA6067A93 /* Pods */,
				AEDEA6C455D231F6F4EB7AFC /* Frameworks */,
			);
			sourceTree = "<group>";
		};
		F70724591EFBC53F005C624F /* Products */ = {
			isa = PBXGroup;
			children = (
				F70724581EFBC53F005C624F /* BaiSiBuDeJie.app */,
				F70724711EFBC53F005C624F /* BaiSiBuDeJieTests.xctest */,
				F707247C1EFBC53F005C624F /* BaiSiBuDeJieUITests.xctest */,
			);
			name = Products;
			sourceTree = "<group>";
		};
		F707245A1EFBC53F005C624F /* BaiSiBuDeJie */ = {
			isa = PBXGroup;
			children = (
				F707248E1EFBCDA6005C624F /* Classes */,
				F70724671EFBC53F005C624F /* Assets.xcassets */,
				F707246C1EFBC53F005C624F /* Info.plist */,
				F707245B1EFBC53F005C624F /* Supporting Files */,
			);
			path = BaiSiBuDeJie;
			sourceTree = "<group>";
		};
		F707245B1EFBC53F005C624F /* Supporting Files */ = {
			isa = PBXGroup;
			children = (
			);
			name = "Supporting Files";
			sourceTree = "<group>";
		};
		F70724741EFBC53F005C624F /* BaiSiBuDeJieTests */ = {
			isa = PBXGroup;
			children = (
				F70724751EFBC53F005C624F /* BaiSiBuDeJieTests.m */,
				F70724771EFBC53F005C624F /* Info.plist */,
			);
			path = BaiSiBuDeJieTests;
			sourceTree = "<group>";
		};
		F707247F1EFBC53F005C624F /* BaiSiBuDeJieUITests */ = {
			isa = PBXGroup;
			children = (
				F70724801EFBC53F005C624F /* BaiSiBuDeJieUITests.m */,
				F70724821EFBC53F005C624F /* Info.plist */,
			);
			path = BaiSiBuDeJieUITests;
			sourceTree = "<group>";
		};
		F707248E1EFBCDA6005C624F /* Classes */ = {
			isa = PBXGroup;
			children = (
				F7D8F9A31F00D95300F3E4A8 /* Utility */,
				F7D8F98A1F00B32C00F3E4A8 /* Main */,
				F707248F1EFBCDA6005C624F /* Essence */,
				F707249B1EFBCDA6005C624F /* New */,
				F70724A31EFBCDA6005C624F /* Publish */,
				F70724931EFBCDA6005C624F /* FriendTrend */,
				F70724971EFBCDA6005C624F /* Me */,
				F707249F1EFBCDA6005C624F /* Other */,
			);
			path = Classes;
			sourceTree = "<group>";
		};
		F707248F1EFBCDA6005C624F /* Essence */ = {
			isa = PBXGroup;
			children = (
				F70724901EFBCDA6005C624F /* Controller */,
				F70724911EFBCDA6005C624F /* Model */,
				F70724921EFBCDA6005C624F /* View */,
			);
			path = Essence;
			sourceTree = "<group>";
		};
		F70724901EFBCDA6005C624F /* Controller */ = {
			isa = PBXGroup;
			children = (
				F7D8F9941F00B3D300F3E4A8 /* XHEssenceViewController.h */,
				F7D8F9951F00B3D300F3E4A8 /* XHEssenceViewController.m */,
			);
			path = Controller;
			sourceTree = "<group>";
		};
		F70724911EFBCDA6005C624F /* Model */ = {
			isa = PBXGroup;
			children = (
			);
			path = Model;
			sourceTree = "<group>";
		};
		F70724921EFBCDA6005C624F /* View */ = {
			isa = PBXGroup;
			children = (
			);
			path = View;
			sourceTree = "<group>";
		};
		F70724931EFBCDA6005C624F /* FriendTrend */ = {
			isa = PBXGroup;
			children = (
				F70724941EFBCDA6005C624F /* Controller */,
				F70724951EFBCDA6005C624F /* Model */,
				F70724961EFBCDA6005C624F /* View */,
			);
			path = FriendTrend;
			sourceTree = "<group>";
		};
		F70724941EFBCDA6005C624F /* Controller */ = {
			isa = PBXGroup;
			children = (
				F7D8F99A1F00B43A00F3E4A8 /* XHFollowViewController.h */,
				F7D8F99B1F00B43A00F3E4A8 /* XHFollowViewController.m */,
			);
			path = Controller;
			sourceTree = "<group>";
		};
		F70724951EFBCDA6005C624F /* Model */ = {
			isa = PBXGroup;
			children = (
			);
			path = Model;
			sourceTree = "<group>";
		};
		F70724961EFBCDA6005C624F /* View */ = {
			isa = PBXGroup;
			children = (
			);
			path = View;
			sourceTree = "<group>";
		};
		F70724971EFBCDA6005C624F /* Me */ = {
			isa = PBXGroup;
			children = (
				F70724981EFBCDA6005C624F /* Controller */,
				F70724991EFBCDA6005C624F /* Model */,
				F707249A1EFBCDA6005C624F /* View */,
			);
			path = Me;
			sourceTree = "<group>";
		};
		F70724981EFBCDA6005C624F /* Controller */ = {
			isa = PBXGroup;
			children = (
				F7D8F99D1F00B47D00F3E4A8 /* XHMeTableViewController.h */,
				F7D8F99E1F00B47D00F3E4A8 /* XHMeTableViewController.m */,
			);
			path = Controller;
			sourceTree = "<group>";
		};
		F70724991EFBCDA6005C624F /* Model */ = {
			isa = PBXGroup;
			children = (
			);
			path = Model;
			sourceTree = "<group>";
		};
		F707249A1EFBCDA6005C624F /* View */ = {
			isa = PBXGroup;
			children = (
			);
			path = View;
			sourceTree = "<group>";
		};
		F707249B1EFBCDA6005C624F /* New */ = {
			isa = PBXGroup;
			children = (
				F707249C1EFBCDA6005C624F /* Controller */,
				F707249D1EFBCDA6005C624F /* Model */,
				F707249E1EFBCDA6005C624F /* View */,
			);
			path = New;
			sourceTree = "<group>";
		};
		F707249C1EFBCDA6005C624F /* Controller */ = {
			isa = PBXGroup;
			children = (
				F7D8F9971F00B41200F3E4A8 /* XHNewViewController.h */,
				F7D8F9981F00B41200F3E4A8 /* XHNewViewController.m */,
			);
			path = Controller;
			sourceTree = "<group>";
		};
		F707249D1EFBCDA6005C624F /* Model */ = {
			isa = PBXGroup;
			children = (
			);
			path = Model;
			sourceTree = "<group>";
		};
		F707249E1EFBCDA6005C624F /* View */ = {
			isa = PBXGroup;
			children = (
			);
			path = View;
			sourceTree = "<group>";
		};
		F707249F1EFBCDA6005C624F /* Other */ = {
			isa = PBXGroup;
			children = (
				F70724B41EFBCE4B005C624F /* main.m */,
				F70724AF1EFBCE36005C624F /* AppDelegate.h */,
				F70724B01EFBCE36005C624F /* AppDelegate.m */,
				F7D8F9A01F00D5B300F3E4A8 /* XHPrefixHeader.pch */,
				F7D8F9A21F00D6C100F3E4A8 /* XHMacro.h */,
			);
			path = Other;
			sourceTree = "<group>";
		};
		F70724A31EFBCDA6005C624F /* Publish */ = {
			isa = PBXGroup;
			children = (
				F70724A41EFBCDA6005C624F /* Controller */,
				F70724A51EFBCDA6005C624F /* Model */,
				F70724A61EFBCDA6005C624F /* View */,
			);
			path = Publish;
			sourceTree = "<group>";
		};
		F70724A41EFBCDA6005C624F /* Controller */ = {
			isa = PBXGroup;
			children = (
			);
			path = Controller;
			sourceTree = "<group>";
		};
		F70724A51EFBCDA6005C624F /* Model */ = {
			isa = PBXGroup;
			children = (
			);
			path = Model;
			sourceTree = "<group>";
		};
		F70724A61EFBCDA6005C624F /* View */ = {
			isa = PBXGroup;
			children = (
			);
			path = View;
			sourceTree = "<group>";
		};
		F79E06E21F023F1D00CA7859 /* NetWorkRequest */ = {
			isa = PBXGroup;
			children = (
				F79E06E31F023F3400CA7859 /* XHNetWorkRequest.h */,
				F79E06E41F023F3400CA7859 /* XHNetWorkRequest.m */,
			);
			path = NetWorkRequest;
			sourceTree = "<group>";
		};
		F7D8F98A1F00B32C00F3E4A8 /* Main */ = {
			isa = PBXGroup;
			children = (
				F7D8F98B1F00B32C00F3E4A8 /* Controller */,
				F7D8F98C1F00B32C00F3E4A8 /* Model */,
				F7D8F98D1F00B32C00F3E4A8 /* View */,
			);
			path = Main;
			sourceTree = "<group>";
		};
		F7D8F98B1F00B32C00F3E4A8 /* Controller */ = {
			isa = PBXGroup;
			children = (
				F7D8F98E1F00B36900F3E4A8 /* XHTabBarController.h */,
				F7D8F98F1F00B36900F3E4A8 /* XHTabBarController.m */,
				F7D8F9911F00B39800F3E4A8 /* XHNavigationController.h */,
				F7D8F9921F00B39800F3E4A8 /* XHNavigationController.m */,
			);
			path = Controller;
			sourceTree = "<group>";
		};
		F7D8F98C1F00B32C00F3E4A8 /* Model */ = {
			isa = PBXGroup;
			children = (
			);
			path = Model;
			sourceTree = "<group>";
		};
		F7D8F98D1F00B32C00F3E4A8 /* View */ = {
			isa = PBXGroup;
			children = (
				F7D8F9AB1F00E1D600F3E4A8 /* XHTabBar.h */,
				F7D8F9AC1F00E1D600F3E4A8 /* XHTabBar.m */,
			);
			path = View;
			sourceTree = "<group>";
		};
		F7D8F9A31F00D95300F3E4A8 /* Utility */ = {
			isa = PBXGroup;
			children = (
				F7DB59BD1F174986004430A5 /* Ad */,
				F7DB59B91F174963004430A5 /* tool */,
				F79E06E21F023F1D00CA7859 /* NetWorkRequest */,
				F7D8F9A41F00D95300F3E4A8 /* Category */,
			);
			path = Utility;
			sourceTree = "<group>";
		};
		F7D8F9A41F00D95300F3E4A8 /* Category */ = {
			isa = PBXGroup;
			children = (
				F7D8F9A81F00D9A000F3E4A8 /* UIImage+XHExt.h */,
				F7D8F9A91F00D9A000F3E4A8 /* UIImage+XHExt.m */,
				F7D8F9AE1F00E24200F3E4A8 /* UIView+XHExt.h */,
				F7D8F9AF1F00E24200F3E4A8 /* UIView+XHExt.m */,
				F7204A231F00F5B800D1D958 /* UIBarButtonItem+XHExt.h */,
				F7204A241F00F5B800D1D958 /* UIBarButtonItem+XHExt.m */,
			);
			path = Category;
			sourceTree = "<group>";
		};
		F7DB59B91F174963004430A5 /* tool */ = {
			isa = PBXGroup;
			children = (
				F7DB59BA1F174963004430A5 /* XHUserDefaultsTool.h */,
				F7DB59BB1F174963004430A5 /* XHUserDefaultsTool.m */,
			);
			path = tool;
			sourceTree = "<group>";
		};
		F7DB59BD1F174986004430A5 /* Ad */ = {
			isa = PBXGroup;
			children = (
				F7DB59BE1F1749DB004430A5 /* XHAdViewController.h */,
				F7DB59BF1F1749DB004430A5 /* XHAdViewController.m */,
				F7DB59C01F1749DB004430A5 /* XHAdViewController.xib */,
			);
			path = Ad;
			sourceTree = "<group>";
		};
/* End PBXGroup section */

/* Begin PBXNativeTarget section */
		F70724571EFBC53F005C624F /* BaiSiBuDeJie */ = {
			isa = PBXNativeTarget;
			buildConfigurationList = F70724851EFBC53F005C624F /* Build configuration list for PBXNativeTarget "BaiSiBuDeJie" */;
			buildPhases = (
				C1B9D9312EBCA585A3EEE6CC /* [CP] Check Pods Manifest.lock */,
				F70724541EFBC53F005C624F /* Sources */,
				F70724551EFBC53F005C624F /* Frameworks */,
				F70724561EFBC53F005C624F /* Resources */,
				EC834F967618945810D6BE17 /* [CP] Embed Pods Frameworks */,
				18AD5BCC22FF88A1AB9464E3 /* [CP] Copy Pods Resources */,
			);
			buildRules = (
			);
			dependencies = (
			);
			name = BaiSiBuDeJie;
			productName = BaiSiBuDeJie;
			productReference = F70724581EFBC53F005C624F /* BaiSiBuDeJie.app */;
			productType = "com.apple.product-type.application";
		};
		F70724701EFBC53F005C624F /* BaiSiBuDeJieTests */ = {
			isa = PBXNativeTarget;
			buildConfigurationList = F70724881EFBC53F005C624F /* Build configuration list for PBXNativeTarget "BaiSiBuDeJieTests" */;
			buildPhases = (
				F707246D1EFBC53F005C624F /* Sources */,
				F707246E1EFBC53F005C624F /* Frameworks */,
				F707246F1EFBC53F005C624F /* Resources */,
			);
			buildRules = (
			);
			dependencies = (
				F70724731EFBC53F005C624F /* PBXTargetDependency */,
			);
			name = BaiSiBuDeJieTests;
			productName = BaiSiBuDeJieTests;
			productReference = F70724711EFBC53F005C624F /* BaiSiBuDeJieTests.xctest */;
			productType = "com.apple.product-type.bundle.unit-test";
		};
		F707247B1EFBC53F005C624F /* BaiSiBuDeJieUITests */ = {
			isa = PBXNativeTarget;
			buildConfigurationList = F707248B1EFBC53F005C624F /* Build configuration list for PBXNativeTarget "BaiSiBuDeJieUITests" */;
			buildPhases = (
				F70724781EFBC53F005C624F /* Sources */,
				F70724791EFBC53F005C624F /* Frameworks */,
				F707247A1EFBC53F005C624F /* Resources */,
			);
			buildRules = (
			);
			dependencies = (
				F707247E1EFBC53F005C624F /* PBXTargetDependency */,
			);
			name = BaiSiBuDeJieUITests;
			productName = BaiSiBuDeJieUITests;
			productReference = F707247C1EFBC53F005C624F /* BaiSiBuDeJieUITests.xctest */;
			productType = "com.apple.product-type.bundle.ui-testing";
		};
/* End PBXNativeTarget section */

/* Begin PBXProject section */
		F70724501EFBC53F005C624F /* Project object */ = {
			isa = PBXProject;
			attributes = {
				CLASSPREFIX = XH;
				LastUpgradeCheck = 0830;
				ORGANIZATIONNAME = JuXiaoHui;
				TargetAttributes = {
					F70724571EFBC53F005C624F = {
						CreatedOnToolsVersion = 8.3.2;
						DevelopmentTeam = A283XVT2UF;
						ProvisioningStyle = Automatic;
					};
					F70724701EFBC53F005C624F = {
						CreatedOnToolsVersion = 8.3.2;
						DevelopmentTeam = A283XVT2UF;
						ProvisioningStyle = Automatic;
						TestTargetID = F70724571EFBC53F005C624F;
					};
					F707247B1EFBC53F005C624F = {
						CreatedOnToolsVersion = 8.3.2;
						DevelopmentTeam = A283XVT2UF;
						ProvisioningStyle = Automatic;
						TestTargetID = F70724571EFBC53F005C624F;
					};
				};
			};
			buildConfigurationList = F70724531EFBC53F005C624F /* Build configuration list for PBXProject "BaiSiBuDeJie" */;
			compatibilityVersion = "Xcode 3.2";
			developmentRegion = English;
			hasScannedForEncodings = 0;
			knownRegions = (
				en,
				Base,
			);
			mainGroup = F707244F1EFBC53F005C624F;
			productRefGroup = F70724591EFBC53F005C624F /* Products */;
			projectDirPath = "";
			projectRoot = "";
			targets = (
				F70724571EFBC53F005C624F /* BaiSiBuDeJie */,
				F70724701EFBC53F005C624F /* BaiSiBuDeJieTests */,
				F707247B1EFBC53F005C624F /* BaiSiBuDeJieUITests */,
			);
		};
/* End PBXProject section */

/* Begin PBXResourcesBuildPhase section */
		F70724561EFBC53F005C624F /* Resources */ = {
			isa = PBXResourcesBuildPhase;
			buildActionMask = 2147483647;
			files = (
				F70724681EFBC53F005C624F /* Assets.xcassets in Resources */,
				F7DB59C21F1749DB004430A5 /* XHAdViewController.xib in Resources */,
			);
			runOnlyForDeploymentPostprocessing = 0;
		};
		F707246F1EFBC53F005C624F /* Resources */ = {
			isa = PBXResourcesBuildPhase;
			buildActionMask = 2147483647;
			files = (
			);
			runOnlyForDeploymentPostprocessing = 0;
		};
		F707247A1EFBC53F005C624F /* Resources */ = {
			isa = PBXResourcesBuildPhase;
			buildActionMask = 2147483647;
			files = (
			);
			runOnlyForDeploymentPostprocessing = 0;
		};
/* End PBXResourcesBuildPhase section */

/* Begin PBXShellScriptBuildPhase section */
		18AD5BCC22FF88A1AB9464E3 /* [CP] Copy Pods Resources */ = {
			isa = PBXShellScriptBuildPhase;
			buildActionMask = 2147483647;
			files = (
			);
			inputPaths = (
			);
			name = "[CP] Copy Pods Resources";
			outputPaths = (
			);
			runOnlyForDeploymentPostprocessing = 0;
			shellPath = /bin/sh;
			shellScript = "\"${SRCROOT}/Pods/Target Support Files/Pods-BaiSiBuDeJie/Pods-BaiSiBuDeJie-resources.sh\"\n";
			showEnvVarsInLog = 0;
		};
		C1B9D9312EBCA585A3EEE6CC /* [CP] Check Pods Manifest.lock */ = {
			isa = PBXShellScriptBuildPhase;
			buildActionMask = 2147483647;
			files = (
			);
			inputPaths = (
			);
			name = "[CP] Check Pods Manifest.lock";
			outputPaths = (
			);
			runOnlyForDeploymentPostprocessing = 0;
			shellPath = /bin/sh;
			shellScript = "diff \"${PODS_PODFILE_DIR_PATH}/Podfile.lock\" \"${PODS_ROOT}/Manifest.lock\" > /dev/null\nif [ $? != 0 ] ; then\n    # print error to STDERR\n    echo \"error: The sandbox is not in sync with the Podfile.lock. Run 'pod install' or update your CocoaPods installation.\" >&2\n    exit 1\nfi\n";
			showEnvVarsInLog = 0;
		};
		EC834F967618945810D6BE17 /* [CP] Embed Pods Frameworks */ = {
			isa = PBXShellScriptBuildPhase;
			buildActionMask = 2147483647;
			files = (
			);
			inputPaths = (
			);
			name = "[CP] Embed Pods Frameworks";
			outputPaths = (
			);
			runOnlyForDeploymentPostprocessing = 0;
			shellPath = /bin/sh;
			shellScript = "\"${SRCROOT}/Pods/Target Support Files/Pods-BaiSiBuDeJie/Pods-BaiSiBuDeJie-frameworks.sh\"\n";
			showEnvVarsInLog = 0;
		};
/* End PBXShellScriptBuildPhase section */

/* Begin PBXSourcesBuildPhase section */
		F70724541EFBC53F005C624F /* Sources */ = {
			isa = PBXSourcesBuildPhase;
			buildActionMask = 2147483647;
			files = (
				F7D8F9B01F00E24200F3E4A8 /* UIView+XHExt.m in Sources */,
				F7D8F9961F00B3D300F3E4A8 /* XHEssenceViewController.m in Sources */,
				F7D8F99C1F00B43A00F3E4A8 /* XHFollowViewController.m in Sources */,
				F70724B51EFBCE4B005C624F /* main.m in Sources */,
				F7204A251F00F5B800D1D958 /* UIBarButtonItem+XHExt.m in Sources */,
				F70724B11EFBCE36005C624F /* AppDelegate.m in Sources */,
				F7D8F9901F00B36900F3E4A8 /* XHTabBarController.m in Sources */,
				F7D8F99F1F00B47D00F3E4A8 /* XHMeTableViewController.m in Sources */,
				F7D8F9931F00B39800F3E4A8 /* XHNavigationController.m in Sources */,
				F7D8F9AD1F00E1D600F3E4A8 /* XHTabBar.m in Sources */,
				F7DB59BC1F174963004430A5 /* XHUserDefaultsTool.m in Sources */,
				F79E06E51F023F3400CA7859 /* XHNetWorkRequest.m in Sources */,
				F7D8F9991F00B41200F3E4A8 /* XHNewViewController.m in Sources */,
				F7DB59C11F1749DB004430A5 /* XHAdViewController.m in Sources */,
				F7D8F9AA1F00D9A000F3E4A8 /* UIImage+XHExt.m in Sources */,
			);
			runOnlyForDeploymentPostprocessing = 0;
		};
		F707246D1EFBC53F005C624F /* Sources */ = {
			isa = PBXSourcesBuildPhase;
			buildActionMask = 2147483647;
			files = (
				F70724761EFBC53F005C624F /* BaiSiBuDeJieTests.m in Sources */,
			);
			runOnlyForDeploymentPostprocessing = 0;
		};
		F70724781EFBC53F005C624F /* Sources */ = {
			isa = PBXSourcesBuildPhase;
			buildActionMask = 2147483647;
			files = (
				F70724811EFBC53F005C624F /* BaiSiBuDeJieUITests.m in Sources */,
			);
			runOnlyForDeploymentPostprocessing = 0;
		};
/* End PBXSourcesBuildPhase section */

/* Begin PBXTargetDependency section */
		F70724731EFBC53F005C624F /* PBXTargetDependency */ = {
			isa = PBXTargetDependency;
			target = F70724571EFBC53F005C624F /* BaiSiBuDeJie */;
			targetProxy = F70724721EFBC53F005C624F /* PBXContainerItemProxy */;
		};
		F707247E1EFBC53F005C624F /* PBXTargetDependency */ = {
			isa = PBXTargetDependency;
			target = F70724571EFBC53F005C624F /* BaiSiBuDeJie */;
			targetProxy = F707247D1EFBC53F005C624F /* PBXContainerItemProxy */;
		};
/* End PBXTargetDependency section */

/* Begin XCBuildConfiguration section */
		F70724831EFBC53F005C624F /* Debug */ = {
			isa = XCBuildConfiguration;
			buildSettings = {
				ALWAYS_SEARCH_USER_PATHS = NO;
				CLANG_ANALYZER_NONNULL = YES;
				CLANG_ANALYZER_NUMBER_OBJECT_CONVERSION = YES_AGGRESSIVE;
				CLANG_CXX_LANGUAGE_STANDARD = "gnu++0x";
				CLANG_CXX_LIBRARY = "libc++";
				CLANG_ENABLE_MODULES = YES;
				CLANG_ENABLE_OBJC_ARC = YES;
				CLANG_WARN_BOOL_CONVERSION = YES;
				CLANG_WARN_CONSTANT_CONVERSION = YES;
				CLANG_WARN_DIRECT_OBJC_ISA_USAGE = YES_ERROR;
				CLANG_WARN_DOCUMENTATION_COMMENTS = YES;
				CLANG_WARN_EMPTY_BODY = YES;
				CLANG_WARN_ENUM_CONVERSION = YES;
				CLANG_WARN_INFINITE_RECURSION = YES;
				CLANG_WARN_INT_CONVERSION = YES;
				CLANG_WARN_OBJC_ROOT_CLASS = YES_ERROR;
				CLANG_WARN_SUSPICIOUS_MOVE = YES;
				CLANG_WARN_UNREACHABLE_CODE = YES;
				CLANG_WARN__DUPLICATE_METHOD_MATCH = YES;
				"CODE_SIGN_IDENTITY[sdk=iphoneos*]" = "iPhone Developer";
				COPY_PHASE_STRIP = NO;
				DEBUG_INFORMATION_FORMAT = dwarf;
				ENABLE_STRICT_OBJC_MSGSEND = YES;
				ENABLE_TESTABILITY = YES;
				GCC_C_LANGUAGE_STANDARD = gnu99;
				GCC_DYNAMIC_NO_PIC = NO;
				GCC_NO_COMMON_BLOCKS = YES;
				GCC_OPTIMIZATION_LEVEL = 0;
				GCC_PREPROCESSOR_DEFINITIONS = (
					"DEBUG=1",
					"$(inherited)",
				);
				GCC_WARN_64_TO_32_BIT_CONVERSION = YES;
				GCC_WARN_ABOUT_RETURN_TYPE = YES_ERROR;
				GCC_WARN_UNDECLARED_SELECTOR = YES;
				GCC_WARN_UNINITIALIZED_AUTOS = YES_AGGRESSIVE;
				GCC_WARN_UNUSED_FUNCTION = YES;
				GCC_WARN_UNUSED_VARIABLE = YES;
				IPHONEOS_DEPLOYMENT_TARGET = 10.3;
				MTL_ENABLE_DEBUG_INFO = YES;
				ONLY_ACTIVE_ARCH = YES;
				SDKROOT = iphoneos;
			};
			name = Debug;
		};
		F70724841EFBC53F005C624F /* Release */ = {
			isa = XCBuildConfiguration;
			buildSettings = {
				ALWAYS_SEARCH_USER_PATHS = NO;
				CLANG_ANALYZER_NONNULL = YES;
				CLANG_ANALYZER_NUMBER_OBJECT_CONVERSION = YES_AGGRESSIVE;
				CLANG_CXX_LANGUAGE_STANDARD = "gnu++0x";
				CLANG_CXX_LIBRARY = "libc++";
				CLANG_ENABLE_MODULES = YES;
				CLANG_ENABLE_OBJC_ARC = YES;
				CLANG_WARN_BOOL_CONVERSION = YES;
				CLANG_WARN_CONSTANT_CONVERSION = YES;
				CLANG_WARN_DIRECT_OBJC_ISA_USAGE = YES_ERROR;
				CLANG_WARN_DOCUMENTATION_COMMENTS = YES;
				CLANG_WARN_EMPTY_BODY = YES;
				CLANG_WARN_ENUM_CONVERSION = YES;
				CLANG_WARN_INFINITE_RECURSION = YES;
				CLANG_WARN_INT_CONVERSION = YES;
				CLANG_WARN_OBJC_ROOT_CLASS = YES_ERROR;
				CLANG_WARN_SUSPICIOUS_MOVE = YES;
				CLANG_WARN_UNREACHABLE_CODE = YES;
				CLANG_WARN__DUPLICATE_METHOD_MATCH = YES;
				"CODE_SIGN_IDENTITY[sdk=iphoneos*]" = "iPhone Developer";
				COPY_PHASE_STRIP = NO;
				DEBUG_INFORMATION_FORMAT = "dwarf-with-dsym";
				ENABLE_NS_ASSERTIONS = NO;
				ENABLE_STRICT_OBJC_MSGSEND = YES;
				GCC_C_LANGUAGE_STANDARD = gnu99;
				GCC_NO_COMMON_BLOCKS = YES;
				GCC_WARN_64_TO_32_BIT_CONVERSION = YES;
				GCC_WARN_ABOUT_RETURN_TYPE = YES_ERROR;
				GCC_WARN_UNDECLARED_SELECTOR = YES;
				GCC_WARN_UNINITIALIZED_AUTOS = YES_AGGRESSIVE;
				GCC_WARN_UNUSED_FUNCTION = YES;
				GCC_WARN_UNUSED_VARIABLE = YES;
				IPHONEOS_DEPLOYMENT_TARGET = 10.3;
				MTL_ENABLE_DEBUG_INFO = NO;
				SDKROOT = iphoneos;
				VALIDATE_PRODUCT = YES;
			};
			name = Release;
		};
		F70724861EFBC53F005C624F /* Debug */ = {
			isa = XCBuildConfiguration;
			baseConfigurationReference = 5B6287F53089034D0F319CA6 /* Pods-BaiSiBuDeJie.debug.xcconfig */;
			buildSettings = {
				ASSETCATALOG_COMPILER_APPICON_NAME = AppIcon;
				ASSETCATALOG_COMPILER_LAUNCHIMAGE_NAME = LaunchImage;
				DEVELOPMENT_TEAM = A283XVT2UF;
				GCC_PREFIX_HEADER = /Users/jxh/Desktop/BaiSi/BaiSiBuDeJie/Classes/Other/XHPrefixHeader.pch;
				INFOPLIST_FILE = BaiSiBuDeJie/Info.plist;
				IPHONEOS_DEPLOYMENT_TARGET = 8.0;
				LD_RUNPATH_SEARCH_PATHS = "$(inherited) @executable_path/Frameworks";
				PRODUCT_BUNDLE_IDENTIFIER = com.shwilling.BaiSiBuDeJie;
				PRODUCT_NAME = "$(TARGET_NAME)";
				TARGETED_DEVICE_FAMILY = 1;
			};
			name = Debug;
		};
		F70724871EFBC53F005C624F /* Release */ = {
			isa = XCBuildConfiguration;
			baseConfigurationReference = 92250667B5768C77C2BFE0C4 /* Pods-BaiSiBuDeJie.release.xcconfig */;
			buildSettings = {
				ASSETCATALOG_COMPILER_APPICON_NAME = AppIcon;
				ASSETCATALOG_COMPILER_LAUNCHIMAGE_NAME = LaunchImage;
				DEVELOPMENT_TEAM = A283XVT2UF;
				GCC_PREFIX_HEADER = /Users/jxh/Desktop/BaiSi/BaiSiBuDeJie/Classes/Other/XHPrefixHeader.pch;
				INFOPLIST_FILE = BaiSiBuDeJie/Info.plist;
				IPHONEOS_DEPLOYMENT_TARGET = 8.0;
				LD_RUNPATH_SEARCH_PATHS = "$(inherited) @executable_path/Frameworks";
				PRODUCT_BUNDLE_IDENTIFIER = com.shwilling.BaiSiBuDeJie;
				PRODUCT_NAME = "$(TARGET_NAME)";
				TARGETED_DEVICE_FAMILY = 1;
			};
			name = Release;
		};
		F70724891EFBC53F005C624F /* Debug */ = {
			isa = XCBuildConfiguration;
			buildSettings = {
				BUNDLE_LOADER = "$(TEST_HOST)";
				DEVELOPMENT_TEAM = A283XVT2UF;
				INFOPLIST_FILE = BaiSiBuDeJieTests/Info.plist;
				LD_RUNPATH_SEARCH_PATHS = "$(inherited) @executable_path/Frameworks @loader_path/Frameworks";
				PRODUCT_BUNDLE_IDENTIFIER = com.shwilling.BaiSiBuDeJieTests;
				PRODUCT_NAME = "$(TARGET_NAME)";
				TEST_HOST = "$(BUILT_PRODUCTS_DIR)/BaiSiBuDeJie.app/BaiSiBuDeJie";
			};
			name = Debug;
		};
		F707248A1EFBC53F005C624F /* Release */ = {
			isa = XCBuildConfiguration;
			buildSettings = {
				BUNDLE_LOADER = "$(TEST_HOST)";
				DEVELOPMENT_TEAM = A283XVT2UF;
				INFOPLIST_FILE = BaiSiBuDeJieTests/Info.plist;
				LD_RUNPATH_SEARCH_PATHS = "$(inherited) @executable_path/Frameworks @loader_path/Frameworks";
				PRODUCT_BUNDLE_IDENTIFIER = com.shwilling.BaiSiBuDeJieTests;
				PRODUCT_NAME = "$(TARGET_NAME)";
				TEST_HOST = "$(BUILT_PRODUCTS_DIR)/BaiSiBuDeJie.app/BaiSiBuDeJie";
			};
			name = Release;
		};
		F707248C1EFBC53F005C624F /* Debug */ = {
			isa = XCBuildConfiguration;
			buildSettings = {
				DEVELOPMENT_TEAM = A283XVT2UF;
				INFOPLIST_FILE = BaiSiBuDeJieUITests/Info.plist;
				LD_RUNPATH_SEARCH_PATHS = "$(inherited) @executable_path/Frameworks @loader_path/Frameworks";
				PRODUCT_BUNDLE_IDENTIFIER = com.shwilling.BaiSiBuDeJieUITests;
				PRODUCT_NAME = "$(TARGET_NAME)";
				TEST_TARGET_NAME = BaiSiBuDeJie;
			};
			name = Debug;
		};
		F707248D1EFBC53F005C624F /* Release */ = {
			isa = XCBuildConfiguration;
			buildSettings = {
				DEVELOPMENT_TEAM = A283XVT2UF;
				INFOPLIST_FILE = BaiSiBuDeJieUITests/Info.plist;
				LD_RUNPATH_SEARCH_PATHS = "$(inherited) @executable_path/Frameworks @loader_path/Frameworks";
				PRODUCT_BUNDLE_IDENTIFIER = com.shwilling.BaiSiBuDeJieUITests;
				PRODUCT_NAME = "$(TARGET_NAME)";
				TEST_TARGET_NAME = BaiSiBuDeJie;
			};
			name = Release;
		};
/* End XCBuildConfiguration section */

/* Begin XCConfigurationList section */
		F70724531EFBC53F005C624F /* Build configuration list for PBXProject "BaiSiBuDeJie" */ = {
			isa = XCConfigurationList;
			buildConfigurations = (
				F70724831EFBC53F005C624F /* Debug */,
				F70724841EFBC53F005C624F /* Release */,
			);
			defaultConfigurationIsVisible = 0;
			defaultConfigurationName = Release;
		};
		F70724851EFBC53F005C624F /* Build configuration list for PBXNativeTarget "BaiSiBuDeJie" */ = {
			isa = XCConfigurationList;
			buildConfigurations = (
				F70724861EFBC53F005C624F /* Debug */,
				F70724871EFBC53F005C624F /* Release */,
			);
			defaultConfigurationIsVisible = 0;
			defaultConfigurationName = Release;
		};
		F70724881EFBC53F005C624F /* Build configuration list for PBXNativeTarget "BaiSiBuDeJieTests" */ = {
			isa = XCConfigurationList;
			buildConfigurations = (
				F70724891EFBC53F005C624F /* Debug */,
				F707248A1EFBC53F005C624F /* Release */,
			);
			defaultConfigurationIsVisible = 0;
			defaultConfigurationName = Release;
		};
		F707248B1EFBC53F005C624F /* Build configuration list for PBXNativeTarget "BaiSiBuDeJieUITests" */ = {
			isa = XCConfigurationList;
			buildConfigurations = (
				F707248C1EFBC53F005C624F /* Debug */,
				F707248D1EFBC53F005C624F /* Release */,
			);
			defaultConfigurationIsVisible = 0;
			defaultConfigurationName = Release;
		};
/* End XCConfigurationList section */
	};
	rootObject = F70724501EFBC53F005C624F /* Project object */;
}
